# This file is automatically @generated by Cargo.
# It is not intended for manual editing.
version = 3

[[package]]
name = "swash"
version = "0.1.7"
dependencies = [
 "yazi",
 "zeno",
]

[[package]]
name = "yazi"
version = "0.1.5"
source = "registry+https://github.com/rust-lang/crates.io-index"
checksum = "ec4882895da007f1fb0524971b07f60fc742f457996d970443affd44a48ce954"

[[package]]
name = "zeno"
version = "0.2.2"
source = "registry+https://github.com/rust-lang/crates.io-index"
checksum = "c110ba09c9b3a43edd4803d570df0da2414fed6e822e22b976a4e3ef50860701"
