# This file is automatically @generated by Cargo.
# It is not intended for manual editing.
version = 3

[[package]]
name = "font-test-data"
version = "0.1.0"
source = "git+https://github.com/googlefonts/fontations?rev=10c27ef7bba1549fa37a3f41cd4870b2a24b1073#10c27ef7bba1549fa37a3f41cd4870b2a24b1073"

[[package]]
name = "font-types"
version = "0.4.2"
source = "registry+https://github.com/rust-lang/crates.io-index"
checksum = "0bd7f3ea17572640b606b35df42cfb6ecdf003704b062580e59918692190b73d"

[[package]]
name = "read-fonts"
version = "0.15.2"
source = "registry+https://github.com/rust-lang/crates.io-index"
checksum = "7555e052e772f964a1c99f1434f6a2c3a47a5f8e4292236921f121a7753cb2b5"
dependencies = [
 "font-types",
]

[[package]]
name = "swash"
version = "0.1.10"
dependencies = [
 "font-test-data",
 "read-fonts",
 "yazi",
 "zeno",
]

[[package]]
name = "yazi"
version = "0.1.6"
source = "registry+https://github.com/rust-lang/crates.io-index"
checksum = "c94451ac9513335b5e23d7a8a2b61a7102398b8cca5160829d313e84c9d98be1"

[[package]]
name = "zeno"
version = "0.2.2"
source = "registry+https://github.com/rust-lang/crates.io-index"
checksum = "c110ba09c9b3a43edd4803d570df0da2414fed6e822e22b976a4e3ef50860701"
