# This file is automatically @generated by Cargo.
# It is not intended for manual editing.
version = 3

[[package]]
name = "font-test-data"
version = "0.1.0"
source = "git+https://github.com/googlefonts/fontations?rev=91ebdfd91bec9ae4ec34f6a7d5f01736b1b2eb6e#91ebdfd91bec9ae4ec34f6a7d5f01736b1b2eb6e"

[[package]]
name = "font-types"
version = "0.3.4"
source = "registry+https://github.com/rust-lang/crates.io-index"
checksum = "6978d65d61022aa249fefdd914dc8215757f617f1a697c496ef6b42013366567"

[[package]]
name = "read-fonts"
version = "0.10.0"
source = "registry+https://github.com/rust-lang/crates.io-index"
checksum = "87d08214643b2df95b0b3955cd9f264bcfab22b73470b83df4992df523b4d6eb"
dependencies = [
 "font-types",
]

[[package]]
name = "swash"
version = "0.1.8"
dependencies = [
 "font-test-data",
 "read-fonts",
 "yazi",
 "zeno",
]

[[package]]
name = "yazi"
version = "0.1.6"
source = "registry+https://github.com/rust-lang/crates.io-index"
checksum = "c94451ac9513335b5e23d7a8a2b61a7102398b8cca5160829d313e84c9d98be1"

[[package]]
name = "zeno"
version = "0.2.2"
source = "registry+https://github.com/rust-lang/crates.io-index"
checksum = "c110ba09c9b3a43edd4803d570df0da2414fed6e822e22b976a4e3ef50860701"
